
Microsoft Visual Studio Solution File, Format Version 12.00
# Visual Studio Version 17
VisualStudioVersion = 17.10.35027.167
MinimumVisualStudioVersion = 10.0.40219.1
Project("{FAE04EC0-301F-11D3-BF4B-00C04F79EFBC}") = "GrpcPriceService", "GrpcPriceService\GrpcPriceService.csproj", "{3B8C357A-AD18-44B4-919E-EB8115CF436A}"
EndProject
Global
	GlobalSection(SolutionConfigurationPlatforms) = preSolution
		Debug|Any CPU = Debug|Any CPU
		Release|Any CPU = Release|Any CPU
	EndGlobalSection
	GlobalSection(ProjectConfigurationPlatforms) = postSolution
		{3B8C357A-AD18-44B4-919E-EB8115CF436A}.Debug|Any CPU.ActiveCfg = Debug|Any CPU
		{3B8C357A-AD18-44B4-919E-EB8115CF436A}.Debug|Any CPU.Build.0 = Debug|Any CPU
		{3B8C357A-AD18-44B4-919E-EB8115CF436A}.Release|Any CPU.ActiveCfg = Release|Any CPU
		{3B8C357A-AD18-44B4-919E-EB8115CF436A}.Release|Any CPU.Build.0 = Release|Any CPU
	EndGlobalSection
	GlobalSection(SolutionProperties) = preSolution
		HideSolutionNode = FALSE
	EndGlobalSection
	GlobalSection(ExtensibilityGlobals) = postSolution
		SolutionGuid = {8517D0CC-C57A-4C78-9CB7-221E21EE9222}
	EndGlobalSection
EndGlobal
